<?xml version="1.0" encoding="utf-8"?>
<Project ToolsVersion="4.0" xmlns="http://schemas.microsoft.com/developer/msbuild/2003">
  <ItemGroup>
    <Filter Include="Engine">
      <UniqueIdentifier>{DBC7D3B0-C769-FE86-B024-12DB9C6585D7}</UniqueIdentifier>
    </Filter>
    <Filter Include="Engine\source">
      <UniqueIdentifier>{9B258CA4-07E6-07DB-D020-51583CA04CB7}</UniqueIdentifier>
    </Filter>
    <Filter Include="Engine\source\Engine">
      <UniqueIdentifier>{C05392E9-ACE2-1BB3-5501-30AE416F2C59}</UniqueIdentifier>
    </Filter>
    <Filter Include="source">
      <UniqueIdentifier>{76FF3A1C-62A1-65F2-4B5C-7946379DEC42}</UniqueIdentifier>
    </Filter>
    <Filter Include="source\Game">
      <UniqueIdentifier>{DF32AEBA-4BE8-26B0-D4DC-208740911DB4}</UniqueIdentifier>
    </Filter>
  </ItemGroup>
  <ItemGroup>
    <ClInclude Include="source\Game\Atlas.h">
      <Filter>source\Game</Filter>
    </ClInclude>
    <ClInclude Include="source\Game\Entities.h">
      <Filter>source\Game</Filter>
    </ClInclude>
    <ClInclude Include="source\Game\EntityManager.h">
      <Filter>source\Game</Filter>
    </ClInclude>
    <ClInclude Include="source\Game\Game.h">
      <Filter>source\Game</Filter>
    </ClInclude>
    <ClInclude Include="source\Game\GameState.h">
      <Filter>source\Game</Filter>
    </ClInclude>
    <ClInclude Include="source\Game\RenderHelpers.h">
      <Filter>source\Game</Filter>
    </ClInclude>
  </ItemGroup>
  <ItemGroup>
    <ClCompile Include="..\Engine\source\Engine\glad.c">
      <Filter>Engine\source\Engine</Filter>
    </ClCompile>
    <ClCompile Include="source\Game\Game.cpp">
      <Filter>source\Game</Filter>
    </ClCompile>
  </ItemGroup>
</Project>